<?xml version="1.0" encoding="utf-8"?>
<Project ToolsVersion="4.0" xmlns="http://schemas.microsoft.com/developer/msbuild/2003">
  <ItemGroup>
    <Filter Include="Source Files">
      <UniqueIdentifier>{4FC737F1-C7A5-4376-A066-2A32D752A2FF}</UniqueIdentifier>
      <Extensions>cpp;c;cc;cxx;def;odl;idl;hpj;bat;asm;asmx</Extensions>
    </Filter>
    <Filter Include="Header Files">
      <UniqueIdentifier>{93995380-89BD-4b04-88EB-625FBE52EBFB}</UniqueIdentifier>
      <Extensions>h;hh;hpp;hxx;hm;inl;inc;xsd</Extensions>
    </Filter>
    <Filter Include="Resource Files">
      <UniqueIdentifier>{67DA6AB6-F800-4c08-8B7A-83BB121AAD01}</UniqueIdentifier>
      <Extensions>rc;ico;cur;bmp;dlg;rc2;rct;bin;rgs;gif;jpg;jpeg;jpe;resx;tiff;tif;png;wav</Extensions>
    </Filter>
  </ItemGroup>
  <ItemGroup>
    <ClCompile Include="sources\2DCMC.cpp">
      <Filter>Source Files</Filter>
    </ClCompile>
    <ClCompile Include="sources\auxiliar.cpp">
      <Filter>Source Files</Filter>
    </ClCompile>
    <ClCompile Include="sources\CarEngineSound.cpp">
      <Filter>Source Files</Filter>
    </ClCompile>
    <ClCompile Include="sources\CCar.cpp">
      <Filter>Source Files</Filter>
    </ClCompile>
    <ClCompile Include="sources\CPlayer.cpp">
      <Filter>Source Files</Filter>
    </ClCompile>
    <ClCompile Include="sources\debug.cpp">
      <Filter>Source Files</Filter>
    </ClCompile>
    <ClCompile Include="sources\EnemyCCar.cpp">
      <Filter>Source Files</Filter>
    </ClCompile>
    <ClCompile Include="sources\EnemyCCarAI.cpp">
      <Filter>Source Files</Filter>
    </ClCompile>
    <ClCompile Include="sources\F1SComputer.cpp">
      <Filter>Source Files</Filter>
    </ClCompile>
    <ClCompile Include="sources\F1Spirit-auxiliar.cpp">
      <Filter>Source Files</Filter>
    </ClCompile>
    <ClCompile Include="sources\F1SpiritApp.cpp">
      <Filter>Source Files</Filter>
    </ClCompile>
    <ClCompile Include="sources\F1SpiritGame.cpp">
      <Filter>Source Files</Filter>
    </ClCompile>
    <ClCompile Include="sources\F1SpiritTrackViewer.cpp">
      <Filter>Source Files</Filter>
    </ClCompile>
    <ClCompile Include="sources\filehandling.cpp">
      <Filter>Source Files</Filter>
    </ClCompile>
    <ClCompile Include="sources\GameParameters.cpp">
      <Filter>Source Files</Filter>
    </ClCompile>
    <ClCompile Include="sources\geometrics.cpp">
      <Filter>Source Files</Filter>
    </ClCompile>
    <ClCompile Include="sources\GLtile-f1.cpp">
      <Filter>Source Files</Filter>
    </ClCompile>
    <ClCompile Include="sources\GLTile.cpp">
      <Filter>Source Files</Filter>
    </ClCompile>
    <ClCompile Include="sources\keyboardstate.cpp">
      <Filter>Source Files</Filter>
    </ClCompile>
    <ClCompile Include="sources\main.cpp">
      <Filter>Source Files</Filter>
    </ClCompile>
    <ClCompile Include="sources\PlacedGLTile.cpp">
      <Filter>Source Files</Filter>
    </ClCompile>
    <ClCompile Include="sources\PlayerCCar.cpp">
      <Filter>Source Files</Filter>
    </ClCompile>
    <ClCompile Include="sources\RacingCCar.cpp">
      <Filter>Source Files</Filter>
    </ClCompile>
    <ClCompile Include="sources\ranrotb.cpp">
      <Filter>Source Files</Filter>
    </ClCompile>
    <ClCompile Include="sources\ReplayInfo.cpp">
      <Filter>Source Files</Filter>
    </ClCompile>
    <ClCompile Include="sources\RoadPiece.cpp">
      <Filter>Source Files</Filter>
    </ClCompile>
    <ClCompile Include="sources\RotatedGLTile.cpp">
      <Filter>Source Files</Filter>
    </ClCompile>
    <ClCompile Include="sources\SDL_glutaux.cpp">
      <Filter>Source Files</Filter>
    </ClCompile>
    <ClCompile Include="sources\sound.cpp">
      <Filter>Source Files</Filter>
    </ClCompile>
    <ClCompile Include="sources\state_disclaimer.cpp">
      <Filter>Source Files</Filter>
    </ClCompile>
    <ClCompile Include="sources\state_endsequence.cpp">
      <Filter>Source Files</Filter>
    </ClCompile>
    <ClCompile Include="sources\state_gameoptions.cpp">
      <Filter>Source Files</Filter>
    </ClCompile>
    <ClCompile Include="sources\state_gamestart.cpp">
      <Filter>Source Files</Filter>
    </ClCompile>
    <ClCompile Include="sources\state_hiscore.cpp">
      <Filter>Source Files</Filter>
    </ClCompile>
    <ClCompile Include="sources\state_konami.cpp">
      <Filter>Source Files</Filter>
    </ClCompile>
    <ClCompile Include="sources\state_menu.cpp">
      <Filter>Source Files</Filter>
    </ClCompile>
    <ClCompile Include="sources\state_menu_create_menu.cpp">
      <Filter>Source Files</Filter>
    </ClCompile>
    <ClCompile Include="sources\state_menu_draw.cpp">
      <Filter>Source Files</Filter>
    </ClCompile>
    <ClCompile Include="sources\state_race.cpp">
      <Filter>Source Files</Filter>
    </ClCompile>
    <ClCompile Include="sources\state_race_result.cpp">
      <Filter>Source Files</Filter>
    </ClCompile>
    <ClCompile Include="sources\state_replaymanager.cpp">
      <Filter>Source Files</Filter>
    </ClCompile>
    <ClCompile Include="sources\state_title.cpp">
      <Filter>Source Files</Filter>
    </ClCompile>
    <ClCompile Include="sources\state_trackload.cpp">
      <Filter>Source Files</Filter>
    </ClCompile>
    <ClCompile Include="sources\track.cpp">
      <Filter>Source Files</Filter>
    </ClCompile>
    <ClCompile Include="sources\Vector.cpp">
      <Filter>Source Files</Filter>
    </ClCompile>
    <ClCompile Include="sources\weather.cpp">
      <Filter>Source Files</Filter>
    </ClCompile>
    <ClCompile Include="sources\PlayerCCarAI.cpp">
      <Filter>Source Files</Filter>
    </ClCompile>
    <ClCompile Include="sources\CS480\AIDebug.cpp">
      <Filter>Source Files</Filter>
    </ClCompile>
    <ClCompile Include="sources\CS480\PlayerCCarAI.cpp">
      <Filter>Source Files</Filter>
    </ClCompile>
  </ItemGroup>
  <ItemGroup>
    <ClInclude Include="sources\2DCMC.h">
      <Filter>Header Files</Filter>
    </ClInclude>
    <ClInclude Include="sources\auxiliar.h">
      <Filter>Header Files</Filter>
    </ClInclude>
    <ClInclude Include="sources\CCar.h">
      <Filter>Header Files</Filter>
    </ClInclude>
    <ClInclude Include="sources\CPlayer.h">
      <Filter>Header Files</Filter>
    </ClInclude>
    <ClInclude Include="sources\debug.h">
      <Filter>Header Files</Filter>
    </ClInclude>
    <ClInclude Include="sources\EnemyCCar.h">
      <Filter>Header Files</Filter>
    </ClInclude>
    <ClInclude Include="sources\F1Spirit-auxiliar.h">
      <Filter>Header Files</Filter>
    </ClInclude>
    <ClInclude Include="sources\F1Spirit.h">
      <Filter>Header Files</Filter>
    </ClInclude>
    <ClInclude Include="sources\F1SpiritApp.h">
      <Filter>Header Files</Filter>
    </ClInclude>
    <ClInclude Include="sources\F1SpiritGame.h">
      <Filter>Header Files</Filter>
    </ClInclude>
    <ClInclude Include="sources\F1SpiritTrackViewer.h">
      <Filter>Header Files</Filter>
    </ClInclude>
    <ClInclude Include="sources\filehandling.h">
      <Filter>Header Files</Filter>
    </ClInclude>
    <ClInclude Include="sources\GameParameters.h">
      <Filter>Header Files</Filter>
    </ClInclude>
    <ClInclude Include="sources\geometrics.h">
      <Filter>Header Files</Filter>
    </ClInclude>
    <ClInclude Include="sources\GLTile.h">
      <Filter>Header Files</Filter>
    </ClInclude>
    <ClInclude Include="sources\icon32.h">
      <Filter>Header Files</Filter>
    </ClInclude>
    <ClInclude Include="sources\keyboardstate.h">
      <Filter>Header Files</Filter>
    </ClInclude>
    <ClInclude Include="sources\List.h">
      <Filter>Header Files</Filter>
    </ClInclude>
    <ClInclude Include="sources\PlacedGLTile.h">
      <Filter>Header Files</Filter>
    </ClInclude>
    <ClInclude Include="sources\PlayerCCar.h">
      <Filter>Header Files</Filter>
    </ClInclude>
    <ClInclude Include="sources\RacingCCar.h">
      <Filter>Header Files</Filter>
    </ClInclude>
    <ClInclude Include="sources\randomc.h">
      <Filter>Header Files</Filter>
    </ClInclude>
    <ClInclude Include="sources\ReplayInfo.h">
      <Filter>Header Files</Filter>
    </ClInclude>
    <ClInclude Include="sources\RoadPiece.h">
      <Filter>Header Files</Filter>
    </ClInclude>
    <ClInclude Include="sources\RotatedGLTile.h">
      <Filter>Header Files</Filter>
    </ClInclude>
    <ClInclude Include="sources\SDL_glutaux.h">
      <Filter>Header Files</Filter>
    </ClInclude>
    <ClInclude Include="sources\sound.h">
      <Filter>Header Files</Filter>
    </ClInclude>
    <ClInclude Include="sources\track.h">
      <Filter>Header Files</Filter>
    </ClInclude>
    <ClInclude Include="sources\Vector.h">
      <Filter>Header Files</Filter>
    </ClInclude>
    <ClInclude Include="include\begin_code.h">
      <Filter>Header Files</Filter>
    </ClInclude>
    <ClInclude Include="include\close_code.h">
      <Filter>Header Files</Filter>
    </ClInclude>
    <ClInclude Include="include\glut.h">
      <Filter>Header Files</Filter>
    </ClInclude>
    <ClInclude Include="include\SDL.h">
      <Filter>Header Files</Filter>
    </ClInclude>
    <ClInclude Include="include\SDL_active.h">
      <Filter>Header Files</Filter>
    </ClInclude>
    <ClInclude Include="include\SDL_audio.h">
      <Filter>Header Files</Filter>
    </ClInclude>
    <ClInclude Include="include\SDL_byteorder.h">
      <Filter>Header Files</Filter>
    </ClInclude>
    <ClInclude Include="include\SDL_cdrom.h">
      <Filter>Header Files</Filter>
    </ClInclude>
    <ClInclude Include="include\SDL_config.h">
      <Filter>Header Files</Filter>
    </ClInclude>
    <ClInclude Include="include\SDL_config_dreamcast.h">
      <Filter>Header Files</Filter>
    </ClInclude>
    <ClInclude Include="include\SDL_config_macos.h">
      <Filter>Header Files</Filter>
    </ClInclude>
    <ClInclude Include="include\SDL_config_macosx.h">
      <Filter>Header Files</Filter>
    </ClInclude>
    <ClInclude Include="include\SDL_config_minimal.h">
      <Filter>Header Files</Filter>
    </ClInclude>
    <ClInclude Include="include\SDL_config_nds.h">
      <Filter>Header Files</Filter>
    </ClInclude>
    <ClInclude Include="include\SDL_config_os2.h">
      <Filter>Header Files</Filter>
    </ClInclude>
    <ClInclude Include="include\SDL_config_symbian.h">
      <Filter>Header Files</Filter>
    </ClInclude>
    <ClInclude Include="include\SDL_config_win32.h">
      <Filter>Header Files</Filter>
    </ClInclude>
    <ClInclude Include="include\SDL_copying.h">
      <Filter>Header Files</Filter>
    </ClInclude>
    <ClInclude Include="include\SDL_cpuinfo.h">
      <Filter>Header Files</Filter>
    </ClInclude>
    <ClInclude Include="include\SDL_endian.h">
      <Filter>Header Files</Filter>
    </ClInclude>
    <ClInclude Include="include\SDL_error.h">
      <Filter>Header Files</Filter>
    </ClInclude>
    <ClInclude Include="include\SDL_events.h">
      <Filter>Header Files</Filter>
    </ClInclude>
    <ClInclude Include="include\SDL_getenv.h">
      <Filter>Header Files</Filter>
    </ClInclude>
    <ClInclude Include="include\SDL_image.h">
      <Filter>Header Files</Filter>
    </ClInclude>
    <ClInclude Include="include\SDL_joystick.h">
      <Filter>Header Files</Filter>
    </ClInclude>
    <ClInclude Include="include\SDL_keyboard.h">
      <Filter>Header Files</Filter>
    </ClInclude>
    <ClInclude Include="include\SDL_keysym.h">
      <Filter>Header Files</Filter>
    </ClInclude>
    <ClInclude Include="include\SDL_loadso.h">
      <Filter>Header Files</Filter>
    </ClInclude>
    <ClInclude Include="include\SDL_main.h">
      <Filter>Header Files</Filter>
    </ClInclude>
    <ClInclude Include="include\SDL_mixer.h">
      <Filter>Header Files</Filter>
    </ClInclude>
    <ClInclude Include="include\SDL_mouse.h">
      <Filter>Header Files</Filter>
    </ClInclude>
    <ClInclude Include="include\SDL_mutex.h">
      <Filter>Header Files</Filter>
    </ClInclude>
    <ClInclude Include="include\SDL_name.h">
      <Filter>Header Files</Filter>
    </ClInclude>
    <ClInclude Include="include\SDL_net.h">
      <Filter>Header Files</Filter>
    </ClInclude>
    <ClInclude Include="include\SDL_opengl.h">
      <Filter>Header Files</Filter>
    </ClInclude>
    <ClInclude Include="include\SDL_platform.h">
      <Filter>Header Files</Filter>
    </ClInclude>
    <ClInclude Include="include\SDL_quit.h">
      <Filter>Header Files</Filter>
    </ClInclude>
    <ClInclude Include="include\SDL_rwops.h">
      <Filter>Header Files</Filter>
    </ClInclude>
    <ClInclude Include="include\SDL_stdinc.h">
      <Filter>Header Files</Filter>
    </ClInclude>
    <ClInclude Include="include\SDL_syswm.h">
      <Filter>Header Files</Filter>
    </ClInclude>
    <ClInclude Include="include\SDL_thread.h">
      <Filter>Header Files</Filter>
    </ClInclude>
    <ClInclude Include="include\SDL_timer.h">
      <Filter>Header Files</Filter>
    </ClInclude>
    <ClInclude Include="include\SDL_types.h">
      <Filter>Header Files</Filter>
    </ClInclude>
    <ClInclude Include="include\SDL_version.h">
      <Filter>Header Files</Filter>
    </ClInclude>
    <ClInclude Include="include\SDL_video.h">
      <Filter>Header Files</Filter>
    </ClInclude>
    <ClInclude Include="sources\CS480\AIDebug.h">
      <Filter>Header Files</Filter>
    </ClInclude>
  </ItemGroup>
  <ItemGroup>
    <None Include="zlib1.dll" />
    <None Include="smpeg2.dll" />
    <None Include="SDL_net.dll" />
    <None Include="SDL.dll" />
    <None Include="libwebp-4.dll" />
    <None Include="libvorbisfile-3.dll" />
    <None Include="libvorbis-0.dll" />
    <None Include="libtiff-5.dll" />
    <None Include="libpng16-16.dll" />
    <None Include="libogg-0.dll" />
    <None Include="libmodplug-1.dll" />
    <None Include="libmikmod-2.dll" />
    <None Include="libjpeg-9.dll" />
    <None Include="libFLAC-8.dll" />
    <None Include="glut.dll" />
    <None Include=".DS_Store" />
    <None Include="libjpeg-8.dll" />
    <None Include="libpng15-15.dll" />
    <None Include="libwebp-2.dll" />
    <None Include="SDL_image.dll" />
    <None Include="SDL_mixer.dll" />
    <None Include="smpeg.dll" />
  </ItemGroup>
  <ItemGroup>
    <Text Include="readme.txt" />
  </ItemGroup>
  <ItemGroup>
    <Library Include="libs\glut.lib" />
    <Library Include="libs\glut32.lib" />
    <Library Include="libs\SDL.lib" />
    <Library Include="libs\SDL_net.lib" />
    <Library Include="libs\SDLmain.lib" />
    <Library Include="libs\SDL_mixer.lib" />
    <Library Include="libs\SDL_image.lib" />
  </ItemGroup>
</Project>